<?xml version="1.0" encoding="utf-8"?>
<Project ToolsVersion="4.0" xmlns="http://schemas.microsoft.com/developer/msbuild/2003">
  <ItemGroup>
    <ClCompile Include="..\..\..\addons\ofxImGui-master\src\BaseEngine.cpp">
      <Filter>addons\ofxImGui-master\src</Filter>
    </ClCompile>
    <ClCompile Include="..\..\..\addons\ofxImGui-master\src\BaseTheme.cpp">
      <Filter>addons\ofxImGui-master\src</Filter>
    </ClCompile>
    <ClCompile Include="..\..\..\addons\ofxImGui-master\src\EngineGLFW.cpp">
      <Filter>addons\ofxImGui-master\src</Filter>
    </ClCompile>
    <ClCompile Include="..\..\..\addons\ofxImGui-master\src\EngineOpenGLES.cpp">
      <Filter>addons\ofxImGui-master\src</Filter>
    </ClCompile>
    <ClCompile Include="..\..\..\addons\ofxImGui-master\src\Gui.cpp">
      <Filter>addons\ofxImGui-master\src</Filter>
    </ClCompile>
    <ClCompile Include="..\..\..\addons\ofxImGui-master\src\Helpers.cpp">
      <Filter>addons\ofxImGui-master\src</Filter>
    </ClCompile>
    <ClCompile Include="..\..\..\addons\ofxImGui-master\libs\imgui\src\imgui.cpp">
      <Filter>addons\ofxImGui-master\libs\imgui\src</Filter>
    </ClCompile>
    <ClCompile Include="..\..\..\addons\ofxImGui-master\libs\imgui\src\imgui_demo.cpp">
      <Filter>addons\ofxImGui-master\libs\imgui\src</Filter>
    </ClCompile>
    <ClCompile Include="..\..\..\addons\ofxImGui-master\libs\imgui\src\imgui_draw.cpp">
      <Filter>addons\ofxImGui-master\libs\imgui\src</Filter>
    </ClCompile>
    <ClCompile Include="src\common.cpp">
      <Filter>src</Filter>
    </ClCompile>
    <ClCompile Include="src\connectionMenu.cpp">
      <Filter>src</Filter>
    </ClCompile>
    <ClCompile Include="src\logoMenu.cpp">
      <Filter>src</Filter>
    </ClCompile>
    <ClCompile Include="src\main.cpp">
      <Filter>src</Filter>
    </ClCompile>
    <ClCompile Include="src\modeGcSenderToolbar.cpp">
      <Filter>src</Filter>
    </ClCompile>
    <ClCompile Include="src\modeJogToolbar.cpp">
      <Filter>src</Filter>
    </ClCompile>
    <ClCompile Include="src\modeMenu.cpp">
      <Filter>src</Filter>
    </ClCompile>
    <ClCompile Include="src\ofApp.cpp">
      <Filter>src</Filter>
    </ClCompile>
    <ClCompile Include="src\settingsMenu.cpp">
      <Filter>src</Filter>
    </ClCompile>
  </ItemGroup>
  <ItemGroup>
    <Filter Include="src">
      <UniqueIdentifier>{d8376475-7454-4a24-b08a-aac121d3ad6f}</UniqueIdentifier>
    </Filter>
    <Filter Include="addons">
      <UniqueIdentifier>{74e556d1-d706-4973-89cf-881ddb465400}</UniqueIdentifier>
    </Filter>
    <Filter Include="addons\ofxImGui-master">
      <UniqueIdentifier>{ec359e1c-d628-480b-a00d-71b3f039fbce}</UniqueIdentifier>
    </Filter>
    <Filter Include="addons\ofxImGui-master\src">
      <UniqueIdentifier>{add01a9e-66db-49c6-8076-0d0abfcacdf1}</UniqueIdentifier>
    </Filter>
    <Filter Include="addons\ofxImGui-master\libs">
      <UniqueIdentifier>{7bdc00df-d37f-44d7-ac05-6126f64b231c}</UniqueIdentifier>
    </Filter>
    <Filter Include="addons\ofxImGui-master\libs\imgui">
      <UniqueIdentifier>{c8f8ea16-2208-4a13-9be8-2d71eec50e92}</UniqueIdentifier>
    </Filter>
    <Filter Include="addons\ofxImGui-master\libs\imgui\src">
      <UniqueIdentifier>{c4840866-cb07-41de-bd22-16b2e6c1fdde}</UniqueIdentifier>
    </Filter>
  </ItemGroup>
  <ItemGroup>
    <ClInclude Include="..\..\..\addons\ofxImGui-master\src\BaseEngine.h">
      <Filter>addons\ofxImGui-master\src</Filter>
    </ClInclude>
    <ClInclude Include="..\..\..\addons\ofxImGui-master\src\BaseTheme.h">
      <Filter>addons\ofxImGui-master\src</Filter>
    </ClInclude>
    <ClInclude Include="..\..\..\addons\ofxImGui-master\src\EngineGLFW.h">
      <Filter>addons\ofxImGui-master\src</Filter>
    </ClInclude>
    <ClInclude Include="..\..\..\addons\ofxImGui-master\src\EngineOpenGLES.h">
      <Filter>addons\ofxImGui-master\src</Filter>
    </ClInclude>
    <ClInclude Include="..\..\..\addons\ofxImGui-master\src\Gui.h">
      <Filter>addons\ofxImGui-master\src</Filter>
    </ClInclude>
    <ClInclude Include="..\..\..\addons\ofxImGui-master\src\Helpers.h">
      <Filter>addons\ofxImGui-master\src</Filter>
    </ClInclude>
    <ClInclude Include="..\..\..\addons\ofxImGui-master\src\imconfig.h">
      <Filter>addons\ofxImGui-master\src</Filter>
    </ClInclude>
    <ClInclude Include="..\..\..\addons\ofxImGui-master\src\ofxImGui.h">
      <Filter>addons\ofxImGui-master\src</Filter>
    </ClInclude>
    <ClInclude Include="..\..\..\addons\ofxImGui-master\src\ThemeTest.h">
      <Filter>addons\ofxImGui-master\src</Filter>
    </ClInclude>
    <ClInclude Include="..\..\..\addons\ofxImGui-master\libs\imgui\src\imgui.h">
      <Filter>addons\ofxImGui-master\libs\imgui\src</Filter>
    </ClInclude>
    <ClInclude Include="..\..\..\addons\ofxImGui-master\libs\imgui\src\imgui_internal.h">
      <Filter>addons\ofxImGui-master\libs\imgui\src</Filter>
    </ClInclude>
    <ClInclude Include="..\..\..\addons\ofxImGui-master\libs\imgui\src\stb_rect_pack.h">
      <Filter>addons\ofxImGui-master\libs\imgui\src</Filter>
    </ClInclude>
    <ClInclude Include="..\..\..\addons\ofxImGui-master\libs\imgui\src\stb_textedit.h">
      <Filter>addons\ofxImGui-master\libs\imgui\src</Filter>
    </ClInclude>
    <ClInclude Include="..\..\..\addons\ofxImGui-master\libs\imgui\src\stb_truetype.h">
      <Filter>addons\ofxImGui-master\libs\imgui\src</Filter>
    </ClInclude>
    <ClInclude Include="src\common.h">
      <Filter>src</Filter>
    </ClInclude>
    <ClInclude Include="src\connectionMenu.h">
      <Filter>src</Filter>
    </ClInclude>
    <ClInclude Include="src\logoMenu.h">
      <Filter>src</Filter>
    </ClInclude>
    <ClInclude Include="src\modeGcSenderToolbar.h">
      <Filter>src</Filter>
    </ClInclude>
    <ClInclude Include="src\modeJogToolbar.h">
      <Filter>src</Filter>
    </ClInclude>
    <ClInclude Include="src\modeMenu.h">
      <Filter>src</Filter>
    </ClInclude>
    <ClInclude Include="src\ofApp.h">
      <Filter>src</Filter>
    </ClInclude>
    <ClInclude Include="src\settingsMenu.h">
      <Filter>src</Filter>
    </ClInclude>
    <ClInclude Include="resource.h" />
  </ItemGroup>
  <ItemGroup>
    <ResourceCompile Include="icon.rc" />
  </ItemGroup>
  <ItemGroup>
    <Image Include="icon.ico" />
  </ItemGroup>
</Project>